
Microsoft Visual Studio Solution File, Format Version 12.00
# Visual Studio Version 18
VisualStudioVersion = 18.4.11513.90 insiders
MinimumVisualStudioVersion = 10.0.40219.1
Project("{FAE04EC0-301F-11D3-BF4B-00C04F79EFBC}") = "AIClients", "AIClients\AIClients.csproj", "{D28A82C5-5D9F-4AD2-9130-2A4B1CA4F9A5}"
EndProject
Project("{FAE04EC0-301F-11D3-BF4B-00C04F79EFBC}") = "AiMessagingCore", "AiMessagingCore\AiMessagingCore.csproj", "{A1B2C3D4-E5F6-7890-ABCD-EF1234567890}"
EndProject
Global
	GlobalSection(SolutionConfigurationPlatforms) = preSolution
		Debug|Any CPU = Debug|Any CPU
		Release|Any CPU = Release|Any CPU
	EndGlobalSection
	GlobalSection(ProjectConfigurationPlatforms) = postSolution
		{D28A82C5-5D9F-4AD2-9130-2A4B1CA4F9A5}.Debug|Any CPU.ActiveCfg = Debug|Any CPU
		{D28A82C5-5D9F-4AD2-9130-2A4B1CA4F9A5}.Debug|Any CPU.Build.0 = Debug|Any CPU
		{D28A82C5-5D9F-4AD2-9130-2A4B1CA4F9A5}.Release|Any CPU.ActiveCfg = Release|Any CPU
		{D28A82C5-5D9F-4AD2-9130-2A4B1CA4F9A5}.Release|Any CPU.Build.0 = Release|Any CPU
		{A1B2C3D4-E5F6-7890-ABCD-EF1234567890}.Debug|Any CPU.ActiveCfg = Debug|Any CPU
		{A1B2C3D4-E5F6-7890-ABCD-EF1234567890}.Debug|Any CPU.Build.0 = Debug|Any CPU
		{A1B2C3D4-E5F6-7890-ABCD-EF1234567890}.Release|Any CPU.ActiveCfg = Release|Any CPU
		{A1B2C3D4-E5F6-7890-ABCD-EF1234567890}.Release|Any CPU.Build.0 = Release|Any CPU
	EndGlobalSection
	GlobalSection(SolutionProperties) = preSolution
		HideSolutionNode = FALSE
	EndGlobalSection
	GlobalSection(ExtensibilityGlobals) = postSolution
		SolutionGuid = {AF13C6E4-1737-4056-ABB1-034FA728C14E}
	EndGlobalSection
EndGlobal
